
Microsoft Visual Studio Solution File, Format Version 12.00
# Visual Studio 2013
VisualStudioVersion = 12.0.21005.1
MinimumVisualStudioVersion = 10.0.40219.1
Project("{FAE04EC0-301F-11D3-BF4B-00C04F79EFBC}") = "贝塞尔曲线", "WpfApplication1\贝塞尔曲线.csproj", "{BDD85335-F5A9-43B5-AEFF-1520EEDA01BF}"
EndProject
Global
	GlobalSection(SolutionConfigurationPlatforms) = preSolution
		Debug|Any CPU = Debug|Any CPU
		Release|Any CPU = Release|Any CPU
	EndGlobalSection
	GlobalSection(ProjectConfigurationPlatforms) = postSolution
		{BDD85335-F5A9-43B5-AEFF-1520EEDA01BF}.Debug|Any CPU.ActiveCfg = Debug|Any CPU
		{BDD85335-F5A9-43B5-AEFF-1520EEDA01BF}.Debug|Any CPU.Build.0 = Debug|Any CPU
		{BDD85335-F5A9-43B5-AEFF-1520EEDA01BF}.Release|Any CPU.ActiveCfg = Release|Any CPU
		{BDD85335-F5A9-43B5-AEFF-1520EEDA01BF}.Release|Any CPU.Build.0 = Release|Any CPU
	EndGlobalSection
	GlobalSection(SolutionProperties) = preSolution
		HideSolutionNode = FALSE
	EndGlobalSection
EndGlobal
